
Microsoft Visual Studio Solution File, Format Version 12.00
# Visual Studio 15
VisualStudioVersion = 15.0.27130.2010
MinimumVisualStudioVersion = 10.0.40219.1
Project("{FAE04EC0-301F-11D3-BF4B-00C04F79EFBC}") = "AppCotacao.Android", "AppCotacao\AppCotacao.Android\AppCotacao.Android.csproj", "{BC229C12-86EF-4961-8714-EB5146A24ED6}"
EndProject
Project("{FAE04EC0-301F-11D3-BF4B-00C04F79EFBC}") = "AppCotacao.iOS", "AppCotacao\AppCotacao.iOS\AppCotacao.iOS.csproj", "{58AEC610-8A52-4566-A4D4-5001893F6954}"
EndProject
Project("{FAE04EC0-301F-11D3-BF4B-00C04F79EFBC}") = "AppCotacao.UWP", "AppCotacao\AppCotacao.UWP\AppCotacao.UWP.csproj", "{88B0AB60-7467-479A-8998-44EFB0E07468}"
EndProject
Project("{9A19103F-16F7-4668-BE54-9A1E7A4F7556}") = "AppCotacao", "AppCotacao\AppCotacao\AppCotacao.csproj", "{B64EEEC8-E63A-4ABC-9EA7-68533C40537B}"
EndProject
Project("{FAE04EC0-301F-11D3-BF4B-00C04F79EFBC}") = "AppCotacao.UnitTest", "AppCotacao\AppCotacao.UnitTest\AppCotacao.UnitTest.csproj", "{6E7224B2-6B62-4FA0-B500-C2F2EEAEC8E8}"
EndProject
Global
	GlobalSection(SolutionConfigurationPlatforms) = preSolution
		Ad-Hoc|Any CPU = Ad-Hoc|Any CPU
		Ad-Hoc|ARM = Ad-Hoc|ARM
		Ad-Hoc|iPhone = Ad-Hoc|iPhone
		Ad-Hoc|iPhoneSimulator = Ad-Hoc|iPhoneSimulator
		Ad-Hoc|x64 = Ad-Hoc|x64
		Ad-Hoc|x86 = Ad-Hoc|x86
		AppStore|Any CPU = AppStore|Any CPU
		AppStore|ARM = AppStore|ARM
		AppStore|iPhone = AppStore|iPhone
		AppStore|iPhoneSimulator = AppStore|iPhoneSimulator
		AppStore|x64 = AppStore|x64
		AppStore|x86 = AppStore|x86
		Debug|Any CPU = Debug|Any CPU
		Debug|ARM = Debug|ARM
		Debug|iPhone = Debug|iPhone
		Debug|iPhoneSimulator = Debug|iPhoneSimulator
		Debug|x64 = Debug|x64
		Debug|x86 = Debug|x86
		Release|Any CPU = Release|Any CPU
		Release|ARM = Release|ARM
		Release|iPhone = Release|iPhone
		Release|iPhoneSimulator = Release|iPhoneSimulator
		Release|x64 = Release|x64
		Release|x86 = Release|x86
	EndGlobalSection
	GlobalSection(ProjectConfigurationPlatforms) = postSolution
		{BC229C12-86EF-4961-8714-EB5146A24ED6}.Ad-Hoc|Any CPU.ActiveCfg = Release|Any CPU
		{BC229C12-86EF-4961-8714-EB5146A24ED6}.Ad-Hoc|Any CPU.Build.0 = Release|Any CPU
		{BC229C12-86EF-4961-8714-EB5146A24ED6}.Ad-Hoc|Any CPU.Deploy.0 = Release|Any CPU
		{BC229C12-86EF-4961-8714-EB5146A24ED6}.Ad-Hoc|ARM.ActiveCfg = Release|Any CPU
		{BC229C12-86EF-4961-8714-EB5146A24ED6}.Ad-Hoc|ARM.Build.0 = Release|Any CPU
		{BC229C12-86EF-4961-8714-EB5146A24ED6}.Ad-Hoc|ARM.Deploy.0 = Release|Any CPU
		{BC229C12-86EF-4961-8714-EB5146A24ED6}.Ad-Hoc|iPhone.ActiveCfg = Release|Any CPU
		{BC229C12-86EF-4961-8714-EB5146A24ED6}.Ad-Hoc|iPhone.Build.0 = Release|Any CPU
		{BC229C12-86EF-4961-8714-EB5146A24ED6}.Ad-Hoc|iPhone.Deploy.0 = Release|Any CPU
		{BC229C12-86EF-4961-8714-EB5146A24ED6}.Ad-Hoc|iPhoneSimulator.ActiveCfg = Release|Any CPU
		{BC229C12-86EF-4961-8714-EB5146A24ED6}.Ad-Hoc|iPhoneSimulator.Build.0 = Release|Any CPU
		{BC229C12-86EF-4961-8714-EB5146A24ED6}.Ad-Hoc|iPhoneSimulator.Deploy.0 = Release|Any CPU
		{BC229C12-86EF-4961-8714-EB5146A24ED6}.Ad-Hoc|x64.ActiveCfg = Release|Any CPU
		{BC229C12-86EF-4961-8714-EB5146A24ED6}.Ad-Hoc|x64.Build.0 = Release|Any CPU
		{BC229C12-86EF-4961-8714-EB5146A24ED6}.Ad-Hoc|x64.Deploy.0 = Release|Any CPU
		{BC229C12-86EF-4961-8714-EB5146A24ED6}.Ad-Hoc|x86.ActiveCfg = Release|Any CPU
		{BC229C12-86EF-4961-8714-EB5146A24ED6}.Ad-Hoc|x86.Build.0 = Release|Any CPU
		{BC229C12-86EF-4961-8714-EB5146A24ED6}.Ad-Hoc|x86.Deploy.0 = Release|Any CPU
		{BC229C12-86EF-4961-8714-EB5146A24ED6}.AppStore|Any CPU.ActiveCfg = Release|Any CPU
		{BC229C12-86EF-4961-8714-EB5146A24ED6}.AppStore|Any CPU.Build.0 = Release|Any CPU
		{BC229C12-86EF-4961-8714-EB5146A24ED6}.AppStore|Any CPU.Deploy.0 = Release|Any CPU
		{BC229C12-86EF-4961-8714-EB5146A24ED6}.AppStore|ARM.ActiveCfg = Release|Any CPU
		{BC229C12-86EF-4961-8714-EB5146A24ED6}.AppStore|ARM.Build.0 = Release|Any CPU
		{BC229C12-86EF-4961-8714-EB5146A24ED6}.AppStore|ARM.Deploy.0 = Release|Any CPU
		{BC229C12-86EF-4961-8714-EB5146A24ED6}.AppStore|iPhone.ActiveCfg = Release|Any CPU
		{BC229C12-86EF-4961-8714-EB5146A24ED6}.AppStore|iPhone.Build.0 = Release|Any CPU
		{BC229C12-86EF-4961-8714-EB5146A24ED6}.AppStore|iPhone.Deploy.0 = Release|Any CPU
		{BC229C12-86EF-4961-8714-EB5146A24ED6}.AppStore|iPhoneSimulator.ActiveCfg = Release|Any CPU
		{BC229C12-86EF-4961-8714-EB5146A24ED6}.AppStore|iPhoneSimulator.Build.0 = Release|Any CPU
		{BC229C12-86EF-4961-8714-EB5146A24ED6}.AppStore|iPhoneSimulator.Deploy.0 = Release|Any CPU
		{BC229C12-86EF-4961-8714-EB5146A24ED6}.AppStore|x64.ActiveCfg = Release|Any CPU
		{BC229C12-86EF-4961-8714-EB5146A24ED6}.AppStore|x64.Build.0 = Release|Any CPU
		{BC229C12-86EF-4961-8714-EB5146A24ED6}.AppStore|x64.Deploy.0 = Release|Any CPU
		{BC229C12-86EF-4961-8714-EB5146A24ED6}.AppStore|x86.ActiveCfg = Release|Any CPU
		{BC229C12-86EF-4961-8714-EB5146A24ED6}.AppStore|x86.Build.0 = Release|Any CPU
		{BC229C12-86EF-4961-8714-EB5146A24ED6}.AppStore|x86.Deploy.0 = Release|Any CPU
		{BC229C12-86EF-4961-8714-EB5146A24ED6}.Debug|Any CPU.ActiveCfg = Debug|Any CPU
		{BC229C12-86EF-4961-8714-EB5146A24ED6}.Debug|Any CPU.Build.0 = Debug|Any CPU
		{BC229C12-86EF-4961-8714-EB5146A24ED6}.Debug|Any CPU.Deploy.0 = Debug|Any CPU
		{BC229C12-86EF-4961-8714-EB5146A24ED6}.Debug|ARM.ActiveCfg = Debug|Any CPU
		{BC229C12-86EF-4961-8714-EB5146A24ED6}.Debug|ARM.Build.0 = Debug|Any CPU
		{BC229C12-86EF-4961-8714-EB5146A24ED6}.Debug|ARM.Deploy.0 = Debug|Any CPU
		{BC229C12-86EF-4961-8714-EB5146A24ED6}.Debug|iPhone.ActiveCfg = Debug|Any CPU
		{BC229C12-86EF-4961-8714-EB5146A24ED6}.Debug|iPhone.Build.0 = Debug|Any CPU
		{BC229C12-86EF-4961-8714-EB5146A24ED6}.Debug|iPhone.Deploy.0 = Debug|Any CPU
		{BC229C12-86EF-4961-8714-EB5146A24ED6}.Debug|iPhoneSimulator.ActiveCfg = Debug|Any CPU
		{BC229C12-86EF-4961-8714-EB5146A24ED6}.Debug|iPhoneSimulator.Build.0 = Debug|Any CPU
		{BC229C12-86EF-4961-8714-EB5146A24ED6}.Debug|iPhoneSimulator.Deploy.0 = Debug|Any CPU
		{BC229C12-86EF-4961-8714-EB5146A24ED6}.Debug|x64.ActiveCfg = Debug|Any CPU
		{BC229C12-86EF-4961-8714-EB5146A24ED6}.Debug|x64.Build.0 = Debug|Any CPU
		{BC229C12-86EF-4961-8714-EB5146A24ED6}.Debug|x64.Deploy.0 = Debug|Any CPU
		{BC229C12-86EF-4961-8714-EB5146A24ED6}.Debug|x86.ActiveCfg = Debug|Any CPU
		{BC229C12-86EF-4961-8714-EB5146A24ED6}.Debug|x86.Build.0 = Debug|Any CPU
		{BC229C12-86EF-4961-8714-EB5146A24ED6}.Debug|x86.Deploy.0 = Debug|Any CPU
		{BC229C12-86EF-4961-8714-EB5146A24ED6}.Release|Any CPU.ActiveCfg = Release|Any CPU
		{BC229C12-86EF-4961-8714-EB5146A24ED6}.Release|Any CPU.Build.0 = Release|Any CPU
		{BC229C12-86EF-4961-8714-EB5146A24ED6}.Release|Any CPU.Deploy.0 = Release|Any CPU
		{BC229C12-86EF-4961-8714-EB5146A24ED6}.Release|ARM.ActiveCfg = Release|Any CPU
		{BC229C12-86EF-4961-8714-EB5146A24ED6}.Release|ARM.Build.0 = Release|Any CPU
		{BC229C12-86EF-4961-8714-EB5146A24ED6}.Release|ARM.Deploy.0 = Release|Any CPU
		{BC229C12-86EF-4961-8714-EB5146A24ED6}.Release|iPhone.ActiveCfg = Release|Any CPU
		{BC229C12-86EF-4961-8714-EB5146A24ED6}.Release|iPhone.Build.0 = Release|Any CPU
		{BC229C12-86EF-4961-8714-EB5146A24ED6}.Release|iPhone.Deploy.0 = Release|Any CPU
		{BC229C12-86EF-4961-8714-EB5146A24ED6}.Release|iPhoneSimulator.ActiveCfg = Release|Any CPU
		{BC229C12-86EF-4961-8714-EB5146A24ED6}.Release|iPhoneSimulator.Build.0 = Release|Any CPU
		{BC229C12-86EF-4961-8714-EB5146A24ED6}.Release|iPhoneSimulator.Deploy.0 = Release|Any CPU
		{BC229C12-86EF-4961-8714-EB5146A24ED6}.Release|x64.ActiveCfg = Release|Any CPU
		{BC229C12-86EF-4961-8714-EB5146A24ED6}.Release|x64.Build.0 = Release|Any CPU
		{BC229C12-86EF-4961-8714-EB5146A24ED6}.Release|x64.Deploy.0 = Release|Any CPU
		{BC229C12-86EF-4961-8714-EB5146A24ED6}.Release|x86.ActiveCfg = Release|Any CPU
		{BC229C12-86EF-4961-8714-EB5146A24ED6}.Release|x86.Build.0 = Release|Any CPU
		{BC229C12-86EF-4961-8714-EB5146A24ED6}.Release|x86.Deploy.0 = Release|Any CPU
		{58AEC610-8A52-4566-A4D4-5001893F6954}.Ad-Hoc|Any CPU.ActiveCfg = Ad-Hoc|iPhone
		{58AEC610-8A52-4566-A4D4-5001893F6954}.Ad-Hoc|ARM.ActiveCfg = Ad-Hoc|iPhone
		{58AEC610-8A52-4566-A4D4-5001893F6954}.Ad-Hoc|iPhone.ActiveCfg = Ad-Hoc|iPhone
		{58AEC610-8A52-4566-A4D4-5001893F6954}.Ad-Hoc|iPhone.Build.0 = Ad-Hoc|iPhone
		{58AEC610-8A52-4566-A4D4-5001893F6954}.Ad-Hoc|iPhoneSimulator.ActiveCfg = Ad-Hoc|iPhoneSimulator
		{58AEC610-8A52-4566-A4D4-5001893F6954}.Ad-Hoc|iPhoneSimulator.Build.0 = Ad-Hoc|iPhoneSimulator
		{58AEC610-8A52-4566-A4D4-5001893F6954}.Ad-Hoc|x64.ActiveCfg = Ad-Hoc|iPhone
		{58AEC610-8A52-4566-A4D4-5001893F6954}.Ad-Hoc|x86.ActiveCfg = Ad-Hoc|iPhone
		{58AEC610-8A52-4566-A4D4-5001893F6954}.AppStore|Any CPU.ActiveCfg = AppStore|iPhone
		{58AEC610-8A52-4566-A4D4-5001893F6954}.AppStore|ARM.ActiveCfg = AppStore|iPhone
		{58AEC610-8A52-4566-A4D4-5001893F6954}.AppStore|iPhone.ActiveCfg = AppStore|iPhone
		{58AEC610-8A52-4566-A4D4-5001893F6954}.AppStore|iPhone.Build.0 = AppStore|iPhone
		{58AEC610-8A52-4566-A4D4-5001893F6954}.AppStore|iPhoneSimulator.ActiveCfg = AppStore|iPhoneSimulator
		{58AEC610-8A52-4566-A4D4-5001893F6954}.AppStore|iPhoneSimulator.Build.0 = AppStore|iPhoneSimulator
		{58AEC610-8A52-4566-A4D4-5001893F6954}.AppStore|x64.ActiveCfg = AppStore|iPhone
		{58AEC610-8A52-4566-A4D4-5001893F6954}.AppStore|x86.ActiveCfg = AppStore|iPhone
		{58AEC610-8A52-4566-A4D4-5001893F6954}.Debug|Any CPU.ActiveCfg = Debug|iPhone
		{58AEC610-8A52-4566-A4D4-5001893F6954}.Debug|ARM.ActiveCfg = Debug|iPhone
		{58AEC610-8A52-4566-A4D4-5001893F6954}.Debug|iPhone.ActiveCfg = Debug|iPhone
		{58AEC610-8A52-4566-A4D4-5001893F6954}.Debug|iPhone.Build.0 = Debug|iPhone
		{58AEC610-8A52-4566-A4D4-5001893F6954}.Debug|iPhoneSimulator.ActiveCfg = Debug|iPhoneSimulator
		{58AEC610-8A52-4566-A4D4-5001893F6954}.Debug|iPhoneSimulator.Build.0 = Debug|iPhoneSimulator
		{58AEC610-8A52-4566-A4D4-5001893F6954}.Debug|x64.ActiveCfg = Debug|iPhone
		{58AEC610-8A52-4566-A4D4-5001893F6954}.Debug|x86.ActiveCfg = Debug|iPhone
		{58AEC610-8A52-4566-A4D4-5001893F6954}.Release|Any CPU.ActiveCfg = Release|iPhone
		{58AEC610-8A52-4566-A4D4-5001893F6954}.Release|ARM.ActiveCfg = Release|iPhone
		{58AEC610-8A52-4566-A4D4-5001893F6954}.Release|iPhone.ActiveCfg = Release|iPhone
		{58AEC610-8A52-4566-A4D4-5001893F6954}.Release|iPhone.Build.0 = Release|iPhone
		{58AEC610-8A52-4566-A4D4-5001893F6954}.Release|iPhoneSimulator.ActiveCfg = Release|iPhoneSimulator
		{58AEC610-8A52-4566-A4D4-5001893F6954}.Release|iPhoneSimulator.Build.0 = Release|iPhoneSimulator
		{58AEC610-8A52-4566-A4D4-5001893F6954}.Release|x64.ActiveCfg = Release|iPhone
		{58AEC610-8A52-4566-A4D4-5001893F6954}.Release|x86.ActiveCfg = Release|iPhone
		{88B0AB60-7467-479A-8998-44EFB0E07468}.Ad-Hoc|Any CPU.ActiveCfg = Release|x86
		{88B0AB60-7467-479A-8998-44EFB0E07468}.Ad-Hoc|Any CPU.Build.0 = Release|x86
		{88B0AB60-7467-479A-8998-44EFB0E07468}.Ad-Hoc|Any CPU.Deploy.0 = Release|x86
		{88B0AB60-7467-479A-8998-44EFB0E07468}.Ad-Hoc|ARM.ActiveCfg = Release|ARM
		{88B0AB60-7467-479A-8998-44EFB0E07468}.Ad-Hoc|ARM.Build.0 = Release|ARM
		{88B0AB60-7467-479A-8998-44EFB0E07468}.Ad-Hoc|ARM.Deploy.0 = Release|ARM
		{88B0AB60-7467-479A-8998-44EFB0E07468}.Ad-Hoc|iPhone.ActiveCfg = Release|x86
		{88B0AB60-7467-479A-8998-44EFB0E07468}.Ad-Hoc|iPhone.Build.0 = Release|x86
		{88B0AB60-7467-479A-8998-44EFB0E07468}.Ad-Hoc|iPhone.Deploy.0 = Release|x86
		{88B0AB60-7467-479A-8998-44EFB0E07468}.Ad-Hoc|iPhoneSimulator.ActiveCfg = Release|x86
		{88B0AB60-7467-479A-8998-44EFB0E07468}.Ad-Hoc|iPhoneSimulator.Build.0 = Release|x86
		{88B0AB60-7467-479A-8998-44EFB0E07468}.Ad-Hoc|iPhoneSimulator.Deploy.0 = Release|x86
		{88B0AB60-7467-479A-8998-44EFB0E07468}.Ad-Hoc|x64.ActiveCfg = Release|x64
		{88B0AB60-7467-479A-8998-44EFB0E07468}.Ad-Hoc|x64.Build.0 = Release|x64
		{88B0AB60-7467-479A-8998-44EFB0E07468}.Ad-Hoc|x64.Deploy.0 = Release|x64
		{88B0AB60-7467-479A-8998-44EFB0E07468}.Ad-Hoc|x86.ActiveCfg = Release|x86
		{88B0AB60-7467-479A-8998-44EFB0E07468}.Ad-Hoc|x86.Build.0 = Release|x86
		{88B0AB60-7467-479A-8998-44EFB0E07468}.Ad-Hoc|x86.Deploy.0 = Release|x86
		{88B0AB60-7467-479A-8998-44EFB0E07468}.AppStore|Any CPU.ActiveCfg = Release|x86
		{88B0AB60-7467-479A-8998-44EFB0E07468}.AppStore|Any CPU.Build.0 = Release|x86
		{88B0AB60-7467-479A-8998-44EFB0E07468}.AppStore|Any CPU.Deploy.0 = Release|x86
		{88B0AB60-7467-479A-8998-44EFB0E07468}.AppStore|ARM.ActiveCfg = Release|ARM
		{88B0AB60-7467-479A-8998-44EFB0E07468}.AppStore|ARM.Build.0 = Release|ARM
		{88B0AB60-7467-479A-8998-44EFB0E07468}.AppStore|ARM.Deploy.0 = Release|ARM
		{88B0AB60-7467-479A-8998-44EFB0E07468}.AppStore|iPhone.ActiveCfg = Release|x86
		{88B0AB60-7467-479A-8998-44EFB0E07468}.AppStore|iPhone.Build.0 = Release|x86
		{88B0AB60-7467-479A-8998-44EFB0E07468}.AppStore|iPhone.Deploy.0 = Release|x86
		{88B0AB60-7467-479A-8998-44EFB0E07468}.AppStore|iPhoneSimulator.ActiveCfg = Release|x86
		{88B0AB60-7467-479A-8998-44EFB0E07468}.AppStore|iPhoneSimulator.Build.0 = Release|x86
		{88B0AB60-7467-479A-8998-44EFB0E07468}.AppStore|iPhoneSimulator.Deploy.0 = Release|x86
		{88B0AB60-7467-479A-8998-44EFB0E07468}.AppStore|x64.ActiveCfg = Release|x64
		{88B0AB60-7467-479A-8998-44EFB0E07468}.AppStore|x64.Build.0 = Release|x64
		{88B0AB60-7467-479A-8998-44EFB0E07468}.AppStore|x64.Deploy.0 = Release|x64
		{88B0AB60-7467-479A-8998-44EFB0E07468}.AppStore|x86.ActiveCfg = Release|x86
		{88B0AB60-7467-479A-8998-44EFB0E07468}.AppStore|x86.Build.0 = Release|x86
		{88B0AB60-7467-479A-8998-44EFB0E07468}.AppStore|x86.Deploy.0 = Release|x86
		{88B0AB60-7467-479A-8998-44EFB0E07468}.Debug|Any CPU.ActiveCfg = Debug|x86
		{88B0AB60-7467-479A-8998-44EFB0E07468}.Debug|ARM.ActiveCfg = Debug|ARM
		{88B0AB60-7467-479A-8998-44EFB0E07468}.Debug|ARM.Build.0 = Debug|ARM
		{88B0AB60-7467-479A-8998-44EFB0E07468}.Debug|ARM.Deploy.0 = Debug|ARM
		{88B0AB60-7467-479A-8998-44EFB0E07468}.Debug|iPhone.ActiveCfg = Debug|x86
		{88B0AB60-7467-479A-8998-44EFB0E07468}.Debug|iPhoneSimulator.ActiveCfg = Debug|x86
		{88B0AB60-7467-479A-8998-44EFB0E07468}.Debug|x64.ActiveCfg = Debug|x64
		{88B0AB60-7467-479A-8998-44EFB0E07468}.Debug|x64.Build.0 = Debug|x64
		{88B0AB60-7467-479A-8998-44EFB0E07468}.Debug|x64.Deploy.0 = Debug|x64
		{88B0AB60-7467-479A-8998-44EFB0E07468}.Debug|x86.ActiveCfg = Debug|x86
		{88B0AB60-7467-479A-8998-44EFB0E07468}.Debug|x86.Build.0 = Debug|x86
		{88B0AB60-7467-479A-8998-44EFB0E07468}.Debug|x86.Deploy.0 = Debug|x86
		{88B0AB60-7467-479A-8998-44EFB0E07468}.Release|Any CPU.ActiveCfg = Release|x86
		{88B0AB60-7467-479A-8998-44EFB0E07468}.Release|ARM.ActiveCfg = Release|ARM
		{88B0AB60-7467-479A-8998-44EFB0E07468}.Release|ARM.Build.0 = Release|ARM
		{88B0AB60-7467-479A-8998-44EFB0E07468}.Release|ARM.Deploy.0 = Release|ARM
		{88B0AB60-7467-479A-8998-44EFB0E07468}.Release|iPhone.ActiveCfg = Release|x86
		{88B0AB60-7467-479A-8998-44EFB0E07468}.Release|iPhoneSimulator.ActiveCfg = Release|x86
		{88B0AB60-7467-479A-8998-44EFB0E07468}.Release|x64.ActiveCfg = Release|x64
		{88B0AB60-7467-479A-8998-44EFB0E07468}.Release|x64.Build.0 = Release|x64
		{88B0AB60-7467-479A-8998-44EFB0E07468}.Release|x64.Deploy.0 = Release|x64
		{88B0AB60-7467-479A-8998-44EFB0E07468}.Release|x86.ActiveCfg = Release|x86
		{88B0AB60-7467-479A-8998-44EFB0E07468}.Release|x86.Build.0 = Release|x86
		{88B0AB60-7467-479A-8998-44EFB0E07468}.Release|x86.Deploy.0 = Release|x86
		{B64EEEC8-E63A-4ABC-9EA7-68533C40537B}.Ad-Hoc|Any CPU.ActiveCfg = Debug|Any CPU
		{B64EEEC8-E63A-4ABC-9EA7-68533C40537B}.Ad-Hoc|Any CPU.Build.0 = Debug|Any CPU
		{B64EEEC8-E63A-4ABC-9EA7-68533C40537B}.Ad-Hoc|ARM.ActiveCfg = Debug|Any CPU
		{B64EEEC8-E63A-4ABC-9EA7-68533C40537B}.Ad-Hoc|ARM.Build.0 = Debug|Any CPU
		{B64EEEC8-E63A-4ABC-9EA7-68533C40537B}.Ad-Hoc|iPhone.ActiveCfg = Debug|Any CPU
		{B64EEEC8-E63A-4ABC-9EA7-68533C40537B}.Ad-Hoc|iPhone.Build.0 = Debug|Any CPU
		{B64EEEC8-E63A-4ABC-9EA7-68533C40537B}.Ad-Hoc|iPhoneSimulator.ActiveCfg = Debug|Any CPU
		{B64EEEC8-E63A-4ABC-9EA7-68533C40537B}.Ad-Hoc|iPhoneSimulator.Build.0 = Debug|Any CPU
		{B64EEEC8-E63A-4ABC-9EA7-68533C40537B}.Ad-Hoc|x64.ActiveCfg = Debug|Any CPU
		{B64EEEC8-E63A-4ABC-9EA7-68533C40537B}.Ad-Hoc|x64.Build.0 = Debug|Any CPU
		{B64EEEC8-E63A-4ABC-9EA7-68533C40537B}.Ad-Hoc|x86.ActiveCfg = Debug|Any CPU
		{B64EEEC8-E63A-4ABC-9EA7-68533C40537B}.Ad-Hoc|x86.Build.0 = Debug|Any CPU
		{B64EEEC8-E63A-4ABC-9EA7-68533C40537B}.AppStore|Any CPU.ActiveCfg = Debug|Any CPU
		{B64EEEC8-E63A-4ABC-9EA7-68533C40537B}.AppStore|Any CPU.Build.0 = Debug|Any CPU
		{B64EEEC8-E63A-4ABC-9EA7-68533C40537B}.AppStore|ARM.ActiveCfg = Debug|Any CPU
		{B64EEEC8-E63A-4ABC-9EA7-68533C40537B}.AppStore|ARM.Build.0 = Debug|Any CPU
		{B64EEEC8-E63A-4ABC-9EA7-68533C40537B}.AppStore|iPhone.ActiveCfg = Debug|Any CPU
		{B64EEEC8-E63A-4ABC-9EA7-68533C40537B}.AppStore|iPhone.Build.0 = Debug|Any CPU
		{B64EEEC8-E63A-4ABC-9EA7-68533C40537B}.AppStore|iPhoneSimulator.ActiveCfg = Debug|Any CPU
		{B64EEEC8-E63A-4ABC-9EA7-68533C40537B}.AppStore|iPhoneSimulator.Build.0 = Debug|Any CPU
		{B64EEEC8-E63A-4ABC-9EA7-68533C40537B}.AppStore|x64.ActiveCfg = Debug|Any CPU
		{B64EEEC8-E63A-4ABC-9EA7-68533C40537B}.AppStore|x64.Build.0 = Debug|Any CPU
		{B64EEEC8-E63A-4ABC-9EA7-68533C40537B}.AppStore|x86.ActiveCfg = Debug|Any CPU
		{B64EEEC8-E63A-4ABC-9EA7-68533C40537B}.AppStore|x86.Build.0 = Debug|Any CPU
		{B64EEEC8-E63A-4ABC-9EA7-68533C40537B}.Debug|Any CPU.ActiveCfg = Debug|Any CPU
		{B64EEEC8-E63A-4ABC-9EA7-68533C40537B}.Debug|Any CPU.Build.0 = Debug|Any CPU
		{B64EEEC8-E63A-4ABC-9EA7-68533C40537B}.Debug|ARM.ActiveCfg = Debug|Any CPU
		{B64EEEC8-E63A-4ABC-9EA7-68533C40537B}.Debug|ARM.Build.0 = Debug|Any CPU
		{B64EEEC8-E63A-4ABC-9EA7-68533C40537B}.Debug|iPhone.ActiveCfg = Debug|Any CPU
		{B64EEEC8-E63A-4ABC-9EA7-68533C40537B}.Debug|iPhone.Build.0 = Debug|Any CPU
		{B64EEEC8-E63A-4ABC-9EA7-68533C40537B}.Debug|iPhoneSimulator.ActiveCfg = Debug|Any CPU
		{B64EEEC8-E63A-4ABC-9EA7-68533C40537B}.Debug|iPhoneSimulator.Build.0 = Debug|Any CPU
		{B64EEEC8-E63A-4ABC-9EA7-68533C40537B}.Debug|x64.ActiveCfg = Debug|Any CPU
		{B64EEEC8-E63A-4ABC-9EA7-68533C40537B}.Debug|x64.Build.0 = Debug|Any CPU
		{B64EEEC8-E63A-4ABC-9EA7-68533C40537B}.Debug|x86.ActiveCfg = Debug|Any CPU
		{B64EEEC8-E63A-4ABC-9EA7-68533C40537B}.Debug|x86.Build.0 = Debug|Any CPU
		{B64EEEC8-E63A-4ABC-9EA7-68533C40537B}.Release|Any CPU.ActiveCfg = Release|Any CPU
		{B64EEEC8-E63A-4ABC-9EA7-68533C40537B}.Release|Any CPU.Build.0 = Release|Any CPU
		{B64EEEC8-E63A-4ABC-9EA7-68533C40537B}.Release|ARM.ActiveCfg = Release|Any CPU
		{B64EEEC8-E63A-4ABC-9EA7-68533C40537B}.Release|ARM.Build.0 = Release|Any CPU
		{B64EEEC8-E63A-4ABC-9EA7-68533C40537B}.Release|iPhone.ActiveCfg = Release|Any CPU
		{B64EEEC8-E63A-4ABC-9EA7-68533C40537B}.Release|iPhone.Build.0 = Release|Any CPU
		{B64EEEC8-E63A-4ABC-9EA7-68533C40537B}.Release|iPhoneSimulator.ActiveCfg = Release|Any CPU
		{B64EEEC8-E63A-4ABC-9EA7-68533C40537B}.Release|iPhoneSimulator.Build.0 = Release|Any CPU
		{B64EEEC8-E63A-4ABC-9EA7-68533C40537B}.Release|x64.ActiveCfg = Release|Any CPU
		{B64EEEC8-E63A-4ABC-9EA7-68533C40537B}.Release|x64.Build.0 = Release|Any CPU
		{B64EEEC8-E63A-4ABC-9EA7-68533C40537B}.Release|x86.ActiveCfg = Release|Any CPU
		{B64EEEC8-E63A-4ABC-9EA7-68533C40537B}.Release|x86.Build.0 = Release|Any CPU
		{6E7224B2-6B62-4FA0-B500-C2F2EEAEC8E8}.Ad-Hoc|Any CPU.ActiveCfg = Release|Any CPU
		{6E7224B2-6B62-4FA0-B500-C2F2EEAEC8E8}.Ad-Hoc|Any CPU.Build.0 = Release|Any CPU
		{6E7224B2-6B62-4FA0-B500-C2F2EEAEC8E8}.Ad-Hoc|ARM.ActiveCfg = Release|Any CPU
		{6E7224B2-6B62-4FA0-B500-C2F2EEAEC8E8}.Ad-Hoc|ARM.Build.0 = Release|Any CPU
		{6E7224B2-6B62-4FA0-B500-C2F2EEAEC8E8}.Ad-Hoc|iPhone.ActiveCfg = Release|Any CPU
		{6E7224B2-6B62-4FA0-B500-C2F2EEAEC8E8}.Ad-Hoc|iPhone.Build.0 = Release|Any CPU
		{6E7224B2-6B62-4FA0-B500-C2F2EEAEC8E8}.Ad-Hoc|iPhoneSimulator.ActiveCfg = Release|Any CPU
		{6E7224B2-6B62-4FA0-B500-C2F2EEAEC8E8}.Ad-Hoc|iPhoneSimulator.Build.0 = Release|Any CPU
		{6E7224B2-6B62-4FA0-B500-C2F2EEAEC8E8}.Ad-Hoc|x64.ActiveCfg = Release|Any CPU
		{6E7224B2-6B62-4FA0-B500-C2F2EEAEC8E8}.Ad-Hoc|x64.Build.0 = Release|Any CPU
		{6E7224B2-6B62-4FA0-B500-C2F2EEAEC8E8}.Ad-Hoc|x86.ActiveCfg = Release|Any CPU
		{6E7224B2-6B62-4FA0-B500-C2F2EEAEC8E8}.Ad-Hoc|x86.Build.0 = Release|Any CPU
		{6E7224B2-6B62-4FA0-B500-C2F2EEAEC8E8}.AppStore|Any CPU.ActiveCfg = Release|Any CPU
		{6E7224B2-6B62-4FA0-B500-C2F2EEAEC8E8}.AppStore|Any CPU.Build.0 = Release|Any CPU
		{6E7224B2-6B62-4FA0-B500-C2F2EEAEC8E8}.AppStore|ARM.ActiveCfg = Release|Any CPU
		{6E7224B2-6B62-4FA0-B500-C2F2EEAEC8E8}.AppStore|ARM.Build.0 = Release|Any CPU
		{6E7224B2-6B62-4FA0-B500-C2F2EEAEC8E8}.AppStore|iPhone.ActiveCfg = Release|Any CPU
		{6E7224B2-6B62-4FA0-B500-C2F2EEAEC8E8}.AppStore|iPhone.Build.0 = Release|Any CPU
		{6E7224B2-6B62-4FA0-B500-C2F2EEAEC8E8}.AppStore|iPhoneSimulator.ActiveCfg = Release|Any CPU
		{6E7224B2-6B62-4FA0-B500-C2F2EEAEC8E8}.AppStore|iPhoneSimulator.Build.0 = Release|Any CPU
		{6E7224B2-6B62-4FA0-B500-C2F2EEAEC8E8}.AppStore|x64.ActiveCfg = Release|Any CPU
		{6E7224B2-6B62-4FA0-B500-C2F2EEAEC8E8}.AppStore|x64.Build.0 = Release|Any CPU
		{6E7224B2-6B62-4FA0-B500-C2F2EEAEC8E8}.AppStore|x86.ActiveCfg = Release|Any CPU
		{6E7224B2-6B62-4FA0-B500-C2F2EEAEC8E8}.AppStore|x86.Build.0 = Release|Any CPU
		{6E7224B2-6B62-4FA0-B500-C2F2EEAEC8E8}.Debug|Any CPU.ActiveCfg = Debug|Any CPU
		{6E7224B2-6B62-4FA0-B500-C2F2EEAEC8E8}.Debug|Any CPU.Build.0 = Debug|Any CPU
		{6E7224B2-6B62-4FA0-B500-C2F2EEAEC8E8}.Debug|ARM.ActiveCfg = Debug|Any CPU
		{6E7224B2-6B62-4FA0-B500-C2F2EEAEC8E8}.Debug|ARM.Build.0 = Debug|Any CPU
		{6E7224B2-6B62-4FA0-B500-C2F2EEAEC8E8}.Debug|iPhone.ActiveCfg = Debug|Any CPU
		{6E7224B2-6B62-4FA0-B500-C2F2EEAEC8E8}.Debug|iPhone.Build.0 = Debug|Any CPU
		{6E7224B2-6B62-4FA0-B500-C2F2EEAEC8E8}.Debug|iPhoneSimulator.ActiveCfg = Debug|Any CPU
		{6E7224B2-6B62-4FA0-B500-C2F2EEAEC8E8}.Debug|iPhoneSimulator.Build.0 = Debug|Any CPU
		{6E7224B2-6B62-4FA0-B500-C2F2EEAEC8E8}.Debug|x64.ActiveCfg = Debug|Any CPU
		{6E7224B2-6B62-4FA0-B500-C2F2EEAEC8E8}.Debug|x64.Build.0 = Debug|Any CPU
		{6E7224B2-6B62-4FA0-B500-C2F2EEAEC8E8}.Debug|x86.ActiveCfg = Debug|Any CPU
		{6E7224B2-6B62-4FA0-B500-C2F2EEAEC8E8}.Debug|x86.Build.0 = Debug|Any CPU
		{6E7224B2-6B62-4FA0-B500-C2F2EEAEC8E8}.Release|Any CPU.ActiveCfg = Release|Any CPU
		{6E7224B2-6B62-4FA0-B500-C2F2EEAEC8E8}.Release|Any CPU.Build.0 = Release|Any CPU
		{6E7224B2-6B62-4FA0-B500-C2F2EEAEC8E8}.Release|ARM.ActiveCfg = Release|Any CPU
		{6E7224B2-6B62-4FA0-B500-C2F2EEAEC8E8}.Release|ARM.Build.0 = Release|Any CPU
		{6E7224B2-6B62-4FA0-B500-C2F2EEAEC8E8}.Release|iPhone.ActiveCfg = Release|Any CPU
		{6E7224B2-6B62-4FA0-B500-C2F2EEAEC8E8}.Release|iPhone.Build.0 = Release|Any CPU
		{6E7224B2-6B62-4FA0-B500-C2F2EEAEC8E8}.Release|iPhoneSimulator.ActiveCfg = Release|Any CPU
		{6E7224B2-6B62-4FA0-B500-C2F2EEAEC8E8}.Release|iPhoneSimulator.Build.0 = Release|Any CPU
		{6E7224B2-6B62-4FA0-B500-C2F2EEAEC8E8}.Release|x64.ActiveCfg = Release|Any CPU
		{6E7224B2-6B62-4FA0-B500-C2F2EEAEC8E8}.Release|x64.Build.0 = Release|Any CPU
		{6E7224B2-6B62-4FA0-B500-C2F2EEAEC8E8}.Release|x86.ActiveCfg = Release|Any CPU
		{6E7224B2-6B62-4FA0-B500-C2F2EEAEC8E8}.Release|x86.Build.0 = Release|Any CPU
	EndGlobalSection
	GlobalSection(SolutionProperties) = preSolution
		HideSolutionNode = FALSE
	EndGlobalSection
	GlobalSection(ExtensibilityGlobals) = postSolution
		SolutionGuid = {30A84CF3-49C2-4750-9961-417FFD7CFB2F}
	EndGlobalSection
EndGlobal
